{
  "name": "rx-collections",
  "version": "0.1.0",
  "lockfileVersion": 1,
  "requires": true,
  "dependencies": {
    "rxjs": {
      "version": "5.0.3",
      "resolved": "https://registry.npmjs.org/rxjs/-/rxjs-5.0.3.tgz",
      "integrity": "sha1-/IvfRk6/k4gSdI5BlniPOS/vl1Q=",
      "requires": {
        "symbol-observable": "1.0.4"
      }
    },
    "symbol-observable": {
      "version": "1.0.4",
      "resolved": "https://registry.npmjs.org/symbol-observable/-/symbol-observable-1.0.4.tgz",
      "integrity": "sha1-Kb9hXUqnEhvdiYsi1LP5vE4qoD0="
    },
    "typescript": {
      "version": "2.3.4",
      "resolved": "https://registry.npmjs.org/typescript/-/typescript-2.3.4.tgz",
      "integrity": "sha1-PTgyGCgjHkNPKHUUlZw3qCtin0I=",
      "dev": true
    }
  }
}
